
Microsoft Visual Studio Solution File, Format Version 12.00
# Visual Studio Version 16
VisualStudioVersion = 16.0.28803.352
MinimumVisualStudioVersion = 10.0.40219.1
Project("{FAE04EC0-301F-11D3-BF4B-00C04F79EFBC}") = "cvColorSelectorGUI", "cvColorSelectorGUI\cvColorSelectorGUI.csproj", "{77B90D5D-7030-4ECF-8414-31E3A535B771}"
EndProject
Global
	GlobalSection(SolutionConfigurationPlatforms) = preSolution
		Debug|Any CPU = Debug|Any CPU
		Release|Any CPU = Release|Any CPU
	EndGlobalSection
	GlobalSection(ProjectConfigurationPlatforms) = postSolution
		{77B90D5D-7030-4ECF-8414-31E3A535B771}.Debug|Any CPU.ActiveCfg = Debug|Any CPU
		{77B90D5D-7030-4ECF-8414-31E3A535B771}.Debug|Any CPU.Build.0 = Debug|Any CPU
		{77B90D5D-7030-4ECF-8414-31E3A535B771}.Release|Any CPU.ActiveCfg = Release|Any CPU
		{77B90D5D-7030-4ECF-8414-31E3A535B771}.Release|Any CPU.Build.0 = Release|Any CPU
	EndGlobalSection
	GlobalSection(SolutionProperties) = preSolution
		HideSolutionNode = FALSE
	EndGlobalSection
	GlobalSection(ExtensibilityGlobals) = postSolution
		SolutionGuid = {AD8EFA46-3B7F-4D72-843F-D9690D5CEC32}
	EndGlobalSection
EndGlobal
